{
  "name": "@notiz/scully-plugin-rss",
  "version": "0.2.1",
  "lockfileVersion": 1,
  "requires": true,
  "dependencies": {
    "feed": {
      "version": "4.1.0",
      "resolved": "https://registry.npmjs.org/feed/-/feed-4.1.0.tgz",
      "integrity": "sha512-dAXWXM8QMxZ1DRnAxDmy1MaWZFlh1Ku7TU3onbXgHrVJynsxkNGPUed1AxszVW8AXo43xExronVkIqK+ACsoBA==",
      "requires": {
        "xml-js": "^1.6.11"
      }
    },
    "sax": {
      "version": "1.2.4",
      "resolved": "https://registry.npmjs.org/sax/-/sax-1.2.4.tgz",
      "integrity": "sha512-NqVDv9TpANUjFm0N8uM5GxL36UgKi9/atZw+x7YFnQ8ckwFGKrl4xX4yWtrey3UJm5nP1kUbnYgLopqWNSRhWw=="
    },
    "xml-js": {
      "version": "1.6.11",
      "resolved": "https://registry.npmjs.org/xml-js/-/xml-js-1.6.11.tgz",
      "integrity": "sha512-7rVi2KMfwfWFl+GpPg6m80IVMWXLRjO+PxTq7V2CDhoGak0wzYzFgUY2m4XJ47OGdXd8eLE8EmwfAmdjw7lC1g==",
      "requires": {
        "sax": "^1.2.4"
      }
    }
  }
}
